
Microsoft Visual Studio Solution File, Format Version 12.00
# Visual Studio Version 17
VisualStudioVersion = 17.4.33403.182
MinimumVisualStudioVersion = 10.0.40219.1
Project("{FAE04EC0-301F-11D3-BF4B-00C04F79EFBC}") = "liblary task", "liblary task\liblary task.csproj", "{58822975-A656-4B14-9104-35CF010C2240}"
EndProject
Global
	GlobalSection(SolutionConfigurationPlatforms) = preSolution
		Debug|Any CPU = Debug|Any CPU
		Release|Any CPU = Release|Any CPU
	EndGlobalSection
	GlobalSection(ProjectConfigurationPlatforms) = postSolution
		{58822975-A656-4B14-9104-35CF010C2240}.Debug|Any CPU.ActiveCfg = Debug|Any CPU
		{58822975-A656-4B14-9104-35CF010C2240}.Debug|Any CPU.Build.0 = Debug|Any CPU
		{58822975-A656-4B14-9104-35CF010C2240}.Release|Any CPU.ActiveCfg = Release|Any CPU
		{58822975-A656-4B14-9104-35CF010C2240}.Release|Any CPU.Build.0 = Release|Any CPU
	EndGlobalSection
	GlobalSection(SolutionProperties) = preSolution
		HideSolutionNode = FALSE
	EndGlobalSection
	GlobalSection(ExtensibilityGlobals) = postSolution
		SolutionGuid = {8875635B-0591-436E-8D0E-ED42FA2F66E9}
	EndGlobalSection
EndGlobal
